
Microsoft Visual Studio Solution File, Format Version 12.00
# Visual Studio 15
VisualStudioVersion = 15.0.27428.2002
MinimumVisualStudioVersion = 10.0.40219.1
Project("{FAE04EC0-301F-11D3-BF4B-00C04F79EFBC}") = "MatrixHierarchy", "MatrixHierarchy\MatrixHierarchy.csproj", "{730E2F70-2A07-41FA-953B-F85844F7029A}"
EndProject
Project("{FAE04EC0-301F-11D3-BF4B-00C04F79EFBC}") = "MatrixHierarchy.Tests", "MatrixHierarchy.Tests\MatrixHierarchy.Tests.csproj", "{BA91383B-80BE-436A-A608-161CCDA193D6}"
EndProject
Global
	GlobalSection(SolutionConfigurationPlatforms) = preSolution
		Debug|Any CPU = Debug|Any CPU
		Release|Any CPU = Release|Any CPU
	EndGlobalSection
	GlobalSection(ProjectConfigurationPlatforms) = postSolution
		{730E2F70-2A07-41FA-953B-F85844F7029A}.Debug|Any CPU.ActiveCfg = Debug|Any CPU
		{730E2F70-2A07-41FA-953B-F85844F7029A}.Debug|Any CPU.Build.0 = Debug|Any CPU
		{730E2F70-2A07-41FA-953B-F85844F7029A}.Release|Any CPU.ActiveCfg = Release|Any CPU
		{730E2F70-2A07-41FA-953B-F85844F7029A}.Release|Any CPU.Build.0 = Release|Any CPU
		{BA91383B-80BE-436A-A608-161CCDA193D6}.Debug|Any CPU.ActiveCfg = Debug|Any CPU
		{BA91383B-80BE-436A-A608-161CCDA193D6}.Debug|Any CPU.Build.0 = Debug|Any CPU
		{BA91383B-80BE-436A-A608-161CCDA193D6}.Release|Any CPU.ActiveCfg = Release|Any CPU
		{BA91383B-80BE-436A-A608-161CCDA193D6}.Release|Any CPU.Build.0 = Release|Any CPU
	EndGlobalSection
	GlobalSection(SolutionProperties) = preSolution
		HideSolutionNode = FALSE
	EndGlobalSection
	GlobalSection(ExtensibilityGlobals) = postSolution
		SolutionGuid = {73A6BE54-D555-4B69-A6FC-6B593D766C5A}
	EndGlobalSection
EndGlobal
